
Microsoft Visual Studio Solution File, Format Version 12.00
# Visual Studio Version 16
VisualStudioVersion = 16.0.31112.23
MinimumVisualStudioVersion = 10.0.40219.1
Project("{FAE04EC0-301F-11D3-BF4B-00C04F79EFBC}") = "wypozyczalniaSamo", "WebApplication1\wypozyczalniaSamo.csproj", "{06B5A2E4-114A-4B10-9F90-94760B898E5E}"
EndProject
Global
	GlobalSection(SolutionConfigurationPlatforms) = preSolution
		Debug|Any CPU = Debug|Any CPU
		Release|Any CPU = Release|Any CPU
	EndGlobalSection
	GlobalSection(ProjectConfigurationPlatforms) = postSolution
		{06B5A2E4-114A-4B10-9F90-94760B898E5E}.Debug|Any CPU.ActiveCfg = Debug|Any CPU
		{06B5A2E4-114A-4B10-9F90-94760B898E5E}.Debug|Any CPU.Build.0 = Debug|Any CPU
		{06B5A2E4-114A-4B10-9F90-94760B898E5E}.Release|Any CPU.ActiveCfg = Release|Any CPU
		{06B5A2E4-114A-4B10-9F90-94760B898E5E}.Release|Any CPU.Build.0 = Release|Any CPU
	EndGlobalSection
	GlobalSection(SolutionProperties) = preSolution
		HideSolutionNode = FALSE
	EndGlobalSection
	GlobalSection(ExtensibilityGlobals) = postSolution
		SolutionGuid = {1801A794-7A0E-4F4A-94A9-259926550527}
	EndGlobalSection
EndGlobal
